table:
  name: domain_block
  schema: public
configuration:
  column_config: {}
  custom_column_names: {}
  custom_name: staking_domain_block
  custom_root_fields: {}
select_permissions:
  - role: user
    permission:
      columns:
        - id
        - block_number
        - consensus_block_number
        - created_at
        - epoch
        - updated_at
        - block_hash
        - consensus_block_hash
        - domain_epoch_id
        - domain_id
        - extrinsic_root
        - timestamp
      filter: {}
    comment: ""
